
Microsoft Visual Studio Solution File, Format Version 12.00
# Visual Studio Version 17
VisualStudioVersion = 17.0.31903.59
MinimumVisualStudioVersion = 10.0.40219.1
Project("{FAE04EC0-301F-11D3-BF4B-00C04F79EFBC}") = "simple-gdrive-backups.Api", "simple-gdrive-backups.Api\simple-gdrive-backups.Api.csproj", "{F02400D9-A20C-4421-B58F-552CA731C8DE}"
EndProject
Global
	GlobalSection(SolutionConfigurationPlatforms) = preSolution
		Debug|Any CPU = Debug|Any CPU
		Release|Any CPU = Release|Any CPU
	EndGlobalSection
	GlobalSection(SolutionProperties) = preSolution
		HideSolutionNode = FALSE
	EndGlobalSection
	GlobalSection(ProjectConfigurationPlatforms) = postSolution
		{F02400D9-A20C-4421-B58F-552CA731C8DE}.Debug|Any CPU.ActiveCfg = Debug|Any CPU
		{F02400D9-A20C-4421-B58F-552CA731C8DE}.Debug|Any CPU.Build.0 = Debug|Any CPU
		{F02400D9-A20C-4421-B58F-552CA731C8DE}.Release|Any CPU.ActiveCfg = Release|Any CPU
		{F02400D9-A20C-4421-B58F-552CA731C8DE}.Release|Any CPU.Build.0 = Release|Any CPU
	EndGlobalSection
EndGlobal
